<?xml version="1.0" encoding="utf-8"?>
<Project ToolsVersion="4.0" xmlns="http://schemas.microsoft.com/developer/msbuild/2003">
  <ItemGroup>
    <Filter Include="Исходные файлы">
      <UniqueIdentifier>{4FC737F1-C7A5-4376-A066-2A32D752A2FF}</UniqueIdentifier>
      <Extensions>cpp;c;cc;cxx;c++;cppm;ixx;def;odl;idl;hpj;bat;asm;asmx</Extensions>
    </Filter>
    <Filter Include="Файлы заголовков">
      <UniqueIdentifier>{93995380-89BD-4b04-88EB-625FBE52EBFB}</UniqueIdentifier>
      <Extensions>h;hh;hpp;hxx;h++;hm;inl;inc;ipp;xsd</Extensions>
    </Filter>
    <Filter Include="Файлы ресурсов">
      <UniqueIdentifier>{67DA6AB6-F800-4c08-8B7A-83BB121AAD01}</UniqueIdentifier>
      <Extensions>rc;ico;cur;bmp;dlg;rc2;rct;bin;rgs;gif;jpg;jpeg;jpe;resx;tiff;tif;png;wav;mfcribbon-ms</Extensions>
    </Filter>
  </ItemGroup>
  <ItemGroup>
    <ClCompile Include="main.cpp">
      <Filter>Исходные файлы</Filter>
    </ClCompile>
    <ClCompile Include="Engine\EngineConsole.cpp">
      <Filter>Исходные файлы</Filter>
    </ClCompile>
    <ClCompile Include="Engine\EngineUCI.cpp">
      <Filter>Исходные файлы</Filter>
    </ClCompile>
    <ClCompile Include="Engine\EngineXboard.cpp">
      <Filter>Исходные файлы</Filter>
    </ClCompile>
    <ClCompile Include="Engine\Engine.cpp">
      <Filter>Исходные файлы</Filter>
    </ClCompile>
    <ClCompile Include="Engine\Options.cpp">
      <Filter>Исходные файлы</Filter>
    </ClCompile>
    <ClCompile Include="Utils\CommandHandlingUtils.cpp">
      <Filter>Исходные файлы</Filter>
    </ClCompile>
    <ClCompile Include="Engine\Eval.cpp">
      <Filter>Исходные файлы</Filter>
    </ClCompile>
    <ClCompile Include="Engine\Scores.cpp">
      <Filter>Исходные файлы</Filter>
    </ClCompile>
    <ClCompile Include="Engine\Search.cpp">
      <Filter>Исходные файлы</Filter>
    </ClCompile>
    <ClCompile Include="Chess\Zobrist.cpp">
      <Filter>Исходные файлы</Filter>
    </ClCompile>
    <ClCompile Include="Utils\ConsoleColor.cpp">
      <Filter>Исходные файлы</Filter>
    </ClCompile>
    <ClCompile Include="Utils\IO.cpp">
      <Filter>Исходные файлы</Filter>
    </ClCompile>
    <ClCompile Include="Chess\BitBoard.cpp">
      <Filter>Исходные файлы</Filter>
    </ClCompile>
    <ClCompile Include="Chess\Board.cpp">
      <Filter>Исходные файлы</Filter>
    </ClCompile>
    <ClCompile Include="Engine\Limits.cpp">
      <Filter>Исходные файлы</Filter>
    </ClCompile>
    <ClCompile Include="Engine\Test.cpp">
      <Filter>Исходные файлы</Filter>
    </ClCompile>
    <ClCompile Include="Engine\MovePicker.cpp">
      <Filter>Исходные файлы</Filter>
    </ClCompile>
    <ClCompile Include="Engine\TranspositionTable.cpp">
      <Filter>Исходные файлы</Filter>
    </ClCompile>
    <ClCompile Include="Engine\PawnHashTable.cpp">
      <Filter>Исходные файлы</Filter>
    </ClCompile>
    <ClCompile Include="Engine\Tuning.cpp">
      <Filter>Исходные файлы</Filter>
    </ClCompile>
    <ClCompile Include="Utils\StringUtils.cpp">
      <Filter>Исходные файлы</Filter>
    </ClCompile>
  </ItemGroup>
  <ItemGroup>
    <ClInclude Include="Utils\IO.h">
      <Filter>Файлы заголовков</Filter>
    </ClInclude>
    <ClInclude Include="Chess\BitBoard.h">
      <Filter>Файлы заголовков</Filter>
    </ClInclude>
    <ClInclude Include="Utils\Macro.h">
      <Filter>Файлы заголовков</Filter>
    </ClInclude>
    <ClInclude Include="Utils\Types.h">
      <Filter>Файлы заголовков</Filter>
    </ClInclude>
    <ClInclude Include="Chess\Defs.h">
      <Filter>Файлы заголовков</Filter>
    </ClInclude>
    <ClInclude Include="Utils\EnumWrap.h">
      <Filter>Файлы заголовков</Filter>
    </ClInclude>
    <ClInclude Include="Utils\HighAssert.h">
      <Filter>Файлы заголовков</Filter>
    </ClInclude>
    <ClInclude Include="Chess\Move.h">
      <Filter>Файлы заголовков</Filter>
    </ClInclude>
    <ClInclude Include="Chess\Score.h">
      <Filter>Файлы заголовков</Filter>
    </ClInclude>
    <ClInclude Include="Chess\Board.h">
      <Filter>Файлы заголовков</Filter>
    </ClInclude>
    <ClInclude Include="Utils\StringUtils.h">
      <Filter>Файлы заголовков</Filter>
    </ClInclude>
    <ClInclude Include="Chess\MoveGenerationUtils.h">
      <Filter>Файлы заголовков</Filter>
    </ClInclude>
    <ClInclude Include="ChessMasterInfo.h">
      <Filter>Файлы заголовков</Filter>
    </ClInclude>
    <ClInclude Include="Engine\Engine.h">
      <Filter>Файлы заголовков</Filter>
    </ClInclude>
    <ClInclude Include="Utils\CommandHandlingUtils.h">
      <Filter>Файлы заголовков</Filter>
    </ClInclude>
    <ClInclude Include="Engine\Options.h">
      <Filter>Файлы заголовков</Filter>
    </ClInclude>
    <ClInclude Include="Engine\Eval.h">
      <Filter>Файлы заголовков</Filter>
    </ClInclude>
    <ClInclude Include="Engine\Scores.h">
      <Filter>Файлы заголовков</Filter>
    </ClInclude>
    <ClInclude Include="Engine\Search.h">
      <Filter>Файлы заголовков</Filter>
    </ClInclude>
    <ClInclude Include="Chess\Zobrist.h">
      <Filter>Файлы заголовков</Filter>
    </ClInclude>
    <ClInclude Include="Utils\ConsoleColor.h">
      <Filter>Файлы заголовков</Filter>
    </ClInclude>
    <ClInclude Include="Engine\Limits.h">
      <Filter>Файлы заголовков</Filter>
    </ClInclude>
    <ClInclude Include="Utils\BitUtils.h">
      <Filter>Файлы заголовков</Filter>
    </ClInclude>
    <ClInclude Include="Engine\Test.h">
      <Filter>Файлы заголовков</Filter>
    </ClInclude>
    <ClInclude Include="Engine\MovePicker.h">
      <Filter>Файлы заголовков</Filter>
    </ClInclude>
    <ClInclude Include="Engine\TranspositionTable.h">
      <Filter>Файлы заголовков</Filter>
    </ClInclude>
    <ClInclude Include="Engine\PawnHashTable.h">
      <Filter>Файлы заголовков</Filter>
    </ClInclude>
    <ClInclude Include="Engine\Tuning.h">
      <Filter>Файлы заголовков</Filter>
    </ClInclude>
  </ItemGroup>
</Project>